{
  "name": "@sap/xb-msg-env",
  "version": "0.9.8",
  "lockfileVersion": 1,
  "requires": true,
  "dependencies": {
    "@sap/xsenv": {
      "version": "3.1.0",
      "integrity": "sha512-Z+fwO13tcad+eoe8iTrbR471OacU754puabhRn8OI1MU2pPebDQu8rcHN7sR9JQinh4dSs953WkbDneOmvCWuA==",
      "requires": {
        "debug": "3.1.0",
        "verror": "1.10.0"
      },
      "dependencies": {
        "assert-plus": {
          "version": "1.0.0",
          "integrity": "sha1-8S4PPF13sLHN2RRpQuTpbB5N1SU="
        },
        "core-util-is": {
          "version": "1.0.2",
          "integrity": "sha1-tf1UIgqivFq1eqtxQMlAdUUDwac="
        },
        "debug": {
          "version": "3.1.0",
          "integrity": "sha512-OX8XqP7/1a9cqkxYw2yXss15f26NKWBpDXQd0/uK/KPqdQhxbPa994hnzjcE2VqQpDslf55723cKPUOGSmMY3g==",
          "requires": {
            "ms": "2.0.0"
          }
        },
        "extsprintf": {
          "version": "1.4.0",
          "integrity": "sha1-4mifjzVvrWLMplo6kcXfX5VRaS8="
        },
        "ms": {
          "version": "2.0.0",
          "integrity": "sha1-VgiurfwAvmwpAd9fmGF4jeDVl8g="
        },
        "verror": {
          "version": "1.10.0",
          "integrity": "sha1-OhBcoXBTr1XW4nDB+CiGguGNpAA=",
          "requires": {
            "assert-plus": "^1.0.0",
            "core-util-is": "1.0.2",
            "extsprintf": "^1.2.0"
          }
        }
      }
    }
  }
}