{
  "name": "@sap/dwf-dlm-backend",
  "version": "2.5.13",
  "lockfileVersion": 1,
  "requires": true,
  "dependencies": {
    "@sap/dwf-core": {
      "version": "2.2.12",
      "requires": {
        "@sap/textbundle": "2.1.0",
        "ajv": "6.12.3",
        "async": "3.2.3",
        "express": "4.19.0",
        "qs": "6.5.3"
      },
      "dependencies": {
        "ajv": {
          "version": "6.12.3",
          "requires": {
            "fast-deep-equal": "^3.1.1",
            "fast-json-stable-stringify": "^2.0.0",
            "json-schema-traverse": "^0.4.1",
            "uri-js": "^4.2.2"
          }
        }
      }
    },
    "@sap/textbundle": {
      "version": "2.1.0"
    },
    "accepts": {
      "version": "1.3.8",
      "requires": {
        "mime-types": "~2.1.34",
        "negotiator": "0.6.3"
      }
    },
    "ajv": {
      "version": "6.12.6",
      "requires": {
        "fast-deep-equal": "^3.1.1",
        "fast-json-stable-stringify": "^2.0.0",
        "json-schema-traverse": "^0.4.1",
        "uri-js": "^4.2.2"
      }
    },
    "array-flatten": {
      "version": "1.1.1"
    },
    "async": {
      "version": "3.2.3"
    },
    "body-parser": {
      "version": "1.20.2",
      "requires": {
        "bytes": "3.1.2",
        "content-type": "~1.0.5",
        "debug": "2.6.9",
        "depd": "2.0.0",
        "destroy": "1.2.0",
        "http-errors": "2.0.0",
        "iconv-lite": "0.4.24",
        "on-finished": "2.4.1",
        "qs": "6.11.0",
        "raw-body": "2.5.2",
        "type-is": "~1.6.18",
        "unpipe": "1.0.0"
      },
      "dependencies": {
        "qs": {
          "version": "6.11.0",
          "requires": {
            "side-channel": "^1.0.4"
          }
        }
      }
    },
    "bytes": {
      "version": "3.1.2"
    },
    "call-bind": {
      "version": "1.0.7",
      "requires": {
        "es-define-property": "^1.0.0",
        "es-errors": "^1.3.0",
        "function-bind": "^1.1.2",
        "get-intrinsic": "^1.2.4",
        "set-function-length": "^1.2.1"
      }
    },
    "content-disposition": {
      "version": "0.5.4",
      "requires": {
        "safe-buffer": "5.2.1"
      }
    },
    "content-type": {
      "version": "1.0.5"
    },
    "cookie": {
      "version": "0.6.0"
    },
    "cookie-signature": {
      "version": "1.0.6"
    },
    "debug": {
      "version": "2.6.9",
      "requires": {
        "ms": "2.0.0"
      }
    },
    "define-data-property": {
      "version": "1.1.4",
      "requires": {
        "es-define-property": "^1.0.0",
        "es-errors": "^1.3.0",
        "gopd": "^1.0.1"
      }
    },
    "depd": {
      "version": "2.0.0"
    },
    "destroy": {
      "version": "1.2.0"
    },
    "ee-first": {
      "version": "1.1.1"
    },
    "encodeurl": {
      "version": "1.0.2"
    },
    "es-define-property": {
      "version": "1.0.0",
      "requires": {
        "get-intrinsic": "^1.2.4"
      }
    },
    "es-errors": {
      "version": "1.3.0"
    },
    "escape-html": {
      "version": "1.0.3"
    },
    "etag": {
      "version": "1.8.1"
    },
    "express": {
      "version": "4.19.0",
      "requires": {
        "accepts": "~1.3.8",
        "array-flatten": "1.1.1",
        "body-parser": "1.20.2",
        "content-disposition": "0.5.4",
        "content-type": "~1.0.4",
        "cookie": "0.6.0",
        "cookie-signature": "1.0.6",
        "debug": "2.6.9",
        "depd": "2.0.0",
        "encodeurl": "~1.0.2",
        "escape-html": "~1.0.3",
        "etag": "~1.8.1",
        "finalhandler": "1.2.0",
        "fresh": "0.5.2",
        "http-errors": "2.0.0",
        "merge-descriptors": "1.0.1",
        "methods": "~1.1.2",
        "on-finished": "2.4.1",
        "parseurl": "~1.3.3",
        "path-to-regexp": "0.1.7",
        "proxy-addr": "~2.0.7",
        "qs": "6.11.0",
        "range-parser": "~1.2.1",
        "safe-buffer": "5.2.1",
        "send": "0.18.0",
        "serve-static": "1.15.0",
        "setprototypeof": "1.2.0",
        "statuses": "2.0.1",
        "type-is": "~1.6.18",
        "utils-merge": "1.0.1",
        "vary": "~1.1.2"
      },
      "dependencies": {
        "qs": {
          "version": "6.11.0",
          "requires": {
            "side-channel": "^1.0.4"
          }
        }
      }
    },
    "fast-deep-equal": {
      "version": "3.1.3"
    },
    "fast-json-stable-stringify": {
      "version": "2.1.0"
    },
    "finalhandler": {
      "version": "1.2.0",
      "requires": {
        "debug": "2.6.9",
        "encodeurl": "~1.0.2",
        "escape-html": "~1.0.3",
        "on-finished": "2.4.1",
        "parseurl": "~1.3.3",
        "statuses": "2.0.1",
        "unpipe": "~1.0.0"
      }
    },
    "forwarded": {
      "version": "0.2.0"
    },
    "fresh": {
      "version": "0.5.2"
    },
    "function-bind": {
      "version": "1.1.2"
    },
    "get-intrinsic": {
      "version": "1.2.4",
      "requires": {
        "es-errors": "^1.3.0",
        "function-bind": "^1.1.2",
        "has-proto": "^1.0.1",
        "has-symbols": "^1.0.3",
        "hasown": "^2.0.0"
      }
    },
    "gopd": {
      "version": "1.0.1",
      "requires": {
        "get-intrinsic": "^1.1.3"
      }
    },
    "has-property-descriptors": {
      "version": "1.0.2",
      "requires": {
        "es-define-property": "^1.0.0"
      }
    },
    "has-proto": {
      "version": "1.0.3"
    },
    "has-symbols": {
      "version": "1.0.3"
    },
    "hasown": {
      "version": "2.0.2",
      "requires": {
        "function-bind": "^1.1.2"
      }
    },
    "http-errors": {
      "version": "2.0.0",
      "requires": {
        "depd": "2.0.0",
        "inherits": "2.0.4",
        "setprototypeof": "1.2.0",
        "statuses": "2.0.1",
        "toidentifier": "1.0.1"
      }
    },
    "iconv-lite": {
      "version": "0.4.24",
      "requires": {
        "safer-buffer": ">= 2.1.2 < 3"
      }
    },
    "inherits": {
      "version": "2.0.4"
    },
    "ipaddr.js": {
      "version": "1.9.1"
    },
    "json-schema-traverse": {
      "version": "0.4.1"
    },
    "media-typer": {
      "version": "0.3.0"
    },
    "merge-descriptors": {
      "version": "1.0.1"
    },
    "methods": {
      "version": "1.1.2"
    },
    "mime": {
      "version": "1.6.0"
    },
    "mime-db": {
      "version": "1.52.0"
    },
    "mime-types": {
      "version": "2.1.35",
      "requires": {
        "mime-db": "1.52.0"
      }
    },
    "ms": {
      "version": "2.0.0"
    },
    "negotiator": {
      "version": "0.6.3"
    },
    "object-inspect": {
      "version": "1.13.1"
    },
    "on-finished": {
      "version": "2.4.1",
      "requires": {
        "ee-first": "1.1.1"
      }
    },
    "parseurl": {
      "version": "1.3.3"
    },
    "path-to-regexp": {
      "version": "0.1.7"
    },
    "proxy-addr": {
      "version": "2.0.7",
      "requires": {
        "forwarded": "0.2.0",
        "ipaddr.js": "1.9.1"
      }
    },
    "punycode": {
      "version": "2.3.1"
    },
    "qs": {
      "version": "6.5.3"
    },
    "range-parser": {
      "version": "1.2.1"
    },
    "raw-body": {
      "version": "2.5.2",
      "requires": {
        "bytes": "3.1.2",
        "http-errors": "2.0.0",
        "iconv-lite": "0.4.24",
        "unpipe": "1.0.0"
      }
    },
    "safe-buffer": {
      "version": "5.2.1"
    },
    "safer-buffer": {
      "version": "2.1.2"
    },
    "send": {
      "version": "0.18.0",
      "requires": {
        "debug": "2.6.9",
        "depd": "2.0.0",
        "destroy": "1.2.0",
        "encodeurl": "~1.0.2",
        "escape-html": "~1.0.3",
        "etag": "~1.8.1",
        "fresh": "0.5.2",
        "http-errors": "2.0.0",
        "mime": "1.6.0",
        "ms": "2.1.3",
        "on-finished": "2.4.1",
        "range-parser": "~1.2.1",
        "statuses": "2.0.1"
      },
      "dependencies": {
        "ms": {
          "version": "2.1.3"
        }
      }
    },
    "serve-static": {
      "version": "1.15.0",
      "requires": {
        "encodeurl": "~1.0.2",
        "escape-html": "~1.0.3",
        "parseurl": "~1.3.3",
        "send": "0.18.0"
      }
    },
    "set-function-length": {
      "version": "1.2.2",
      "requires": {
        "define-data-property": "^1.1.4",
        "es-errors": "^1.3.0",
        "function-bind": "^1.1.2",
        "get-intrinsic": "^1.2.4",
        "gopd": "^1.0.1",
        "has-property-descriptors": "^1.0.2"
      }
    },
    "setprototypeof": {
      "version": "1.2.0"
    },
    "side-channel": {
      "version": "1.0.6",
      "requires": {
        "call-bind": "^1.0.7",
        "es-errors": "^1.3.0",
        "get-intrinsic": "^1.2.4",
        "object-inspect": "^1.13.1"
      }
    },
    "statuses": {
      "version": "2.0.1"
    },
    "toidentifier": {
      "version": "1.0.1"
    },
    "type-is": {
      "version": "1.6.18",
      "requires": {
        "media-typer": "0.3.0",
        "mime-types": "~2.1.24"
      }
    },
    "unpipe": {
      "version": "1.0.0"
    },
    "uri-js": {
      "version": "4.4.1",
      "requires": {
        "punycode": "^2.1.0"
      }
    },
    "utils-merge": {
      "version": "1.0.1"
    },
    "vary": {
      "version": "1.1.2"
    }
  }
}