{
  "name": "@sap/dwf-deploy",
  "version": "2.7.2",
  "lockfileVersion": 1,
  "requires": true,
  "dependencies": {
    "@sap/xsenv": {
      "version": "4.2.0",
      "requires": {
        "debug": "4.3.3",
        "node-cache": "^5.1.0",
        "verror": "1.10.0"
      },
      "dependencies": {
        "assert-plus": {
          "version": "1.0.0"
        },
        "clone": {
          "version": "2.1.2"
        },
        "core-util-is": {
          "version": "1.0.2"
        },
        "debug": {
          "version": "4.3.3",
          "requires": {
            "ms": "2.1.2"
          }
        },
        "extsprintf": {
          "version": "1.4.1"
        },
        "ms": {
          "version": "2.1.2"
        },
        "node-cache": {
          "version": "5.1.2",
          "requires": {
            "clone": "2.x"
          }
        },
        "verror": {
          "version": "1.10.0",
          "requires": {
            "assert-plus": "^1.0.0",
            "core-util-is": "1.0.2",
            "extsprintf": "^1.2.0"
          }
        }
      }
    },
    "ajv": {
      "version": "6.12.6",
      "requires": {
        "fast-deep-equal": "^3.1.1",
        "fast-json-stable-stringify": "^2.0.0",
        "json-schema-traverse": "^0.4.1",
        "uri-js": "^4.2.2"
      }
    },
    "async": {
      "version": "3.2.3"
    },
    "asynckit": {
      "version": "0.4.0"
    },
    "axios": {
      "version": "1.6.8",
      "requires": {
        "follow-redirects": "^1.15.6",
        "form-data": "^4.0.0",
        "proxy-from-env": "^1.1.0"
      }
    },
    "combined-stream": {
      "version": "1.0.8",
      "requires": {
        "delayed-stream": "~1.0.0"
      }
    },
    "delayed-stream": {
      "version": "1.0.0"
    },
    "fast-deep-equal": {
      "version": "3.1.3"
    },
    "fast-json-stable-stringify": {
      "version": "2.1.0"
    },
    "follow-redirects": {
      "version": "1.15.6"
    },
    "form-data": {
      "version": "4.0.0",
      "requires": {
        "asynckit": "^0.4.0",
        "combined-stream": "^1.0.8",
        "mime-types": "^2.1.12"
      }
    },
    "json-schema-traverse": {
      "version": "0.4.1"
    },
    "mime-db": {
      "version": "1.52.0"
    },
    "mime-types": {
      "version": "2.1.35",
      "requires": {
        "mime-db": "1.52.0"
      }
    },
    "proxy-from-env": {
      "version": "1.1.0"
    },
    "punycode": {
      "version": "2.3.1"
    },
    "uri-js": {
      "version": "4.4.1",
      "requires": {
        "punycode": "^2.1.0"
      }
    }
  }
}