{
  "name": "@sap/jobs-client",
  "version": "1.8.5",
  "lockfileVersion": 3,
  "requires": true,
  "packages": {
    "": {
      "name": "@sap/jobs-client",
      "version": "1.8.5",
      "license": "SEE LICENSE IN LICENSE",
      "dependencies": {
        "@sap/xsenv": "4.2.0"
      },
      "devDependencies": {
        "eslint": "8.56.0",
        "filter-node-package": "3.1.1",
        "mocha": "10.2.0",
        "nock": "13.4.0",
        "nyc": "15.1.0"
      },
      "engines": {
        "node": "^14 || ^16 || ^18 || ^20"
      }
    },
    "node_modules/@sap/xsenv": {
      "version": "4.2.0",
      "license": "SEE LICENSE IN LICENSE file",
      "dependencies": {
        "debug": "4.3.3",
        "node-cache": "^5.1.0",
        "verror": "1.10.0"
      },
      "engines": {
        "node": "^12.0.0 || ^14.0.0 || ^16.0.0 || ^18.0.0 || ^20.0.0"
      }
    },
    "node_modules/assert-plus": {
      "version": "1.0.0",
      "license": "MIT",
      "engines": {
        "node": ">=0.8"
      }
    },
    "node_modules/clone": {
      "version": "2.1.2",
      "license": "MIT",
      "engines": {
        "node": ">=0.8"
      }
    },
    "node_modules/core-util-is": {
      "version": "1.0.2",
      "license": "MIT"
    },
    "node_modules/debug": {
      "version": "4.3.3",
      "license": "MIT",
      "dependencies": {
        "ms": "2.1.2"
      },
      "engines": {
        "node": ">=6.0"
      },
      "peerDependenciesMeta": {
        "supports-color": {
          "optional": true
        }
      }
    },
    "node_modules/extsprintf": {
      "version": "1.4.1",
      "engines": [
        "node >=0.6.0"
      ],
      "license": "MIT"
    },
    "node_modules/ms": {
      "version": "2.1.2",
      "license": "MIT"
    },
    "node_modules/node-cache": {
      "version": "5.1.2",
      "license": "MIT",
      "dependencies": {
        "clone": "2.x"
      },
      "engines": {
        "node": ">= 8.0.0"
      }
    },
    "node_modules/verror": {
      "version": "1.10.0",
      "engines": [
        "node >=0.6.0"
      ],
      "license": "MIT",
      "dependencies": {
        "assert-plus": "^1.0.0",
        "core-util-is": "1.0.2",
        "extsprintf": "^1.2.0"
      }
    }
  }
}
