{
  "name": "@sap/portal-cf-content-deployer",
  "version": "4.20.0-20220206072628+98d8e3669792f54b8e010cfcbc421f46801fd7a3",
  "lockfileVersion": 1,
  "requires": true,
  "dependencies": {
    "@sap/xsenv": {
      "version": "3.1.0",
      "requires": {
        "debug": "3.1.0",
        "verror": "1.10.0"
      },
      "dependencies": {
        "assert-plus": {
          "version": "1.0.0"
        },
        "core-util-is": {
          "version": "1.0.2"
        },
        "debug": {
          "version": "3.1.0",
          "requires": {
            "ms": "2.0.0"
          }
        },
        "extsprintf": {
          "version": "1.4.0"
        },
        "ms": {
          "version": "2.0.0"
        },
        "verror": {
          "version": "1.10.0",
          "requires": {
            "assert-plus": "^1.0.0",
            "core-util-is": "1.0.2",
            "extsprintf": "^1.2.0"
          }
        }
      }
    },
    "asynckit": {
      "version": "0.4.0"
    },
    "axios": {
      "version": "0.25.0",
      "requires": {
        "follow-redirects": "^1.14.7"
      }
    },
    "balanced-match": {
      "version": "1.0.2"
    },
    "brace-expansion": {
      "version": "1.1.11",
      "requires": {
        "balanced-match": "^1.0.0",
        "concat-map": "0.0.1"
      }
    },
    "combined-stream": {
      "version": "1.0.8",
      "requires": {
        "delayed-stream": "~1.0.0"
      }
    },
    "concat-map": {
      "version": "0.0.1"
    },
    "core-util-is": {
      "version": "1.0.3"
    },
    "delayed-stream": {
      "version": "1.0.0"
    },
    "follow-redirects": {
      "version": "1.14.7"
    },
    "form-data": {
      "version": "3.0.0",
      "requires": {
        "asynckit": "^0.4.0",
        "combined-stream": "^1.0.8",
        "mime-types": "^2.1.12"
      }
    },
    "fs.realpath": {
      "version": "1.0.0"
    },
    "glob": {
      "version": "7.1.6",
      "requires": {
        "fs.realpath": "^1.0.0",
        "inflight": "^1.0.4",
        "inherits": "2",
        "minimatch": "^3.0.4",
        "once": "^1.3.0",
        "path-is-absolute": "^1.0.0"
      }
    },
    "immediate": {
      "version": "3.0.6"
    },
    "inflight": {
      "version": "1.0.6",
      "requires": {
        "once": "^1.3.0",
        "wrappy": "1"
      }
    },
    "inherits": {
      "version": "2.0.4"
    },
    "isarray": {
      "version": "1.0.0"
    },
    "jszip": {
      "version": "3.7.0",
      "requires": {
        "lie": "~3.3.0",
        "pako": "~1.0.2",
        "readable-stream": "~2.3.6",
        "set-immediate-shim": "~1.0.1"
      }
    },
    "lie": {
      "version": "3.3.0",
      "requires": {
        "immediate": "~3.0.5"
      }
    },
    "mime-db": {
      "version": "1.51.0"
    },
    "mime-types": {
      "version": "2.1.34",
      "requires": {
        "mime-db": "1.51.0"
      }
    },
    "minimatch": {
      "version": "3.0.4",
      "requires": {
        "brace-expansion": "^1.1.7"
      }
    },
    "once": {
      "version": "1.4.0",
      "requires": {
        "wrappy": "1"
      }
    },
    "pako": {
      "version": "1.0.11"
    },
    "path-is-absolute": {
      "version": "1.0.1"
    },
    "process-nextick-args": {
      "version": "2.0.1"
    },
    "readable-stream": {
      "version": "2.3.7",
      "requires": {
        "core-util-is": "~1.0.0",
        "inherits": "~2.0.3",
        "isarray": "~1.0.0",
        "process-nextick-args": "~2.0.0",
        "safe-buffer": "~5.1.1",
        "string_decoder": "~1.1.1",
        "util-deprecate": "~1.0.1"
      }
    },
    "rimraf": {
      "version": "3.0.2",
      "requires": {
        "glob": "^7.1.3"
      }
    },
    "safe-buffer": {
      "version": "5.1.2"
    },
    "set-immediate-shim": {
      "version": "1.0.1"
    },
    "string_decoder": {
      "version": "1.1.1",
      "requires": {
        "safe-buffer": "~5.1.0"
      }
    },
    "util-deprecate": {
      "version": "1.0.2"
    },
    "wrappy": {
      "version": "1.0.2"
    }
  }
}
